
Microsoft Visual Studio Solution File, Format Version 12.00
# Visual Studio Version 16
VisualStudioVersion = 16.0.30804.86
MinimumVisualStudioVersion = 10.0.40219.1
Project("{9A19103F-16F7-4668-BE54-9A1E7A4F7556}") = "ConsoleCore", "ConsoleCore\ConsoleCore.csproj", "{28FF059D-0E63-40CD-BD18-4AAC12EA0B1B}"
EndProject
Project("{FAE04EC0-301F-11D3-BF4B-00C04F79EFBC}") = "ConsoleFw", "ConsoleFw\ConsoleFw.csproj", "{369FAA72-3CB2-4CA4-AAE6-57E2118C9E9E}"
EndProject
Project("{9A19103F-16F7-4668-BE54-9A1E7A4F7556}") = "AspNetCore", "AspNetCore\AspNetCore.csproj", "{8FEEB018-A959-4131-AC40-9786C1382938}"
EndProject
Project("{FAE04EC0-301F-11D3-BF4B-00C04F79EFBC}") = "AspNetFw", "AspNetFw\AspNetFw.csproj", "{56D7EFDB-A5EB-4ACA-9BE3-5E6EDD4FA380}"
EndProject
Project("{9A19103F-16F7-4668-BE54-9A1E7A4F7556}") = "OreLavorateCore", "OreLavorateCore\OreLavorateCore.csproj", "{CD060BCA-D371-4465-B1EE-5FE1810FDA6C}"
EndProject
Project("{9A19103F-16F7-4668-BE54-9A1E7A4F7556}") = "NetCoreLibrary", "NetCoreLibrary\NetCoreLibrary.csproj", "{1CF786D5-F4EA-4501-82FF-CD7594EF3B74}"
EndProject
Project("{9A19103F-16F7-4668-BE54-9A1E7A4F7556}") = "OreLavorateLib", "OreLavorateLib\OreLavorateLib.csproj", "{C638A542-014A-4E1D-85D8-FE7E0991E4D2}"
EndProject
Project("{9A19103F-16F7-4668-BE54-9A1E7A4F7556}") = "NetCoreTests", "NetCoreTests\NetCoreTests.csproj", "{85056CAF-9B4A-489C-B71F-7B1EEAF4A0D9}"
EndProject
Project("{2150E333-8FDC-42A3-9474-1A3956D46DE8}") = "Esercitazione", "Esercitazione", "{B2ABA958-9B94-4F4C-9E74-05D261242382}"
EndProject
Project("{2150E333-8FDC-42A3-9474-1A3956D46DE8}") = "Spiegazione", "Spiegazione", "{937984C0-0FFF-41AD-8895-F83D58373DE0}"
EndProject
Project("{9A19103F-16F7-4668-BE54-9A1E7A4F7556}") = "OreLavorateTests", "OreLavorateTests\OreLavorateTests.csproj", "{8A018B61-79D5-47FF-B7C1-0755E1D2B292}"
EndProject
Project("{9A19103F-16F7-4668-BE54-9A1E7A4F7556}") = "AspnetRazorPages", "AspnetRazorPages\AspnetRazorPages.csproj", "{6E20FFD4-7414-4A0F-BFC1-8B9A0AB51B6D}"
EndProject
Project("{9A19103F-16F7-4668-BE54-9A1E7A4F7556}") = "AspnetBlazor", "AspnetBlazor\AspnetBlazor.csproj", "{D810758C-7A99-4AD8-9D43-71A3882E37A3}"
EndProject
Project("{9A19103F-16F7-4668-BE54-9A1E7A4F7556}") = "OreLavorateBlazor", "OreLavorateBlazor\OreLavorateBlazor.csproj", "{ED5C324F-7B59-406D-900E-9A3E61727A8B}"
EndProject
Project("{FAE04EC0-301F-11D3-BF4B-00C04F79EFBC}") = "AspnetWebAPI", "AspnetWebAPI\AspnetWebAPI.csproj", "{5AEDAF96-F988-4F30-89CA-C7A5CD105897}"
EndProject
Project("{FAE04EC0-301F-11D3-BF4B-00C04F79EFBC}") = "APIClientStandard", "APIClientStandard\APIClientStandard.csproj", "{D45A2183-A371-4C7A-A041-3B528201328F}"
EndProject
Project("{FAE04EC0-301F-11D3-BF4B-00C04F79EFBC}") = "OreLavorateAPI", "OreLavorateAPI\OreLavorateAPI.csproj", "{9D9901FB-F177-4269-AFBD-958FF7BBCF18}"
EndProject
Project("{FAE04EC0-301F-11D3-BF4B-00C04F79EFBC}") = "OreLavorateStdAPIClient", "OreLavorateStdAPIClient\OreLavorateStdAPIClient.csproj", "{B2F680BA-2C9C-42D8-A088-A3BC30FBC459}"
EndProject
Project("{FAE04EC0-301F-11D3-BF4B-00C04F79EFBC}") = "AspnetIdentity", "AspnetIdentity\AspnetIdentity.csproj", "{AE33E34F-7745-47D2-B450-6E96B8B5BC4F}"
EndProject
Project("{FAE04EC0-301F-11D3-BF4B-00C04F79EFBC}") = "WebDocker", "WebDocker\WebDocker.csproj", "{336061C7-61D9-40A6-AE41-1B5F7E280825}"
EndProject
Global
	GlobalSection(SolutionConfigurationPlatforms) = preSolution
		Debug|Any CPU = Debug|Any CPU
		Release|Any CPU = Release|Any CPU
	EndGlobalSection
	GlobalSection(ProjectConfigurationPlatforms) = postSolution
		{28FF059D-0E63-40CD-BD18-4AAC12EA0B1B}.Debug|Any CPU.ActiveCfg = Debug|Any CPU
		{28FF059D-0E63-40CD-BD18-4AAC12EA0B1B}.Debug|Any CPU.Build.0 = Debug|Any CPU
		{28FF059D-0E63-40CD-BD18-4AAC12EA0B1B}.Release|Any CPU.ActiveCfg = Release|Any CPU
		{28FF059D-0E63-40CD-BD18-4AAC12EA0B1B}.Release|Any CPU.Build.0 = Release|Any CPU
		{369FAA72-3CB2-4CA4-AAE6-57E2118C9E9E}.Debug|Any CPU.ActiveCfg = Debug|Any CPU
		{369FAA72-3CB2-4CA4-AAE6-57E2118C9E9E}.Debug|Any CPU.Build.0 = Debug|Any CPU
		{369FAA72-3CB2-4CA4-AAE6-57E2118C9E9E}.Release|Any CPU.ActiveCfg = Release|Any CPU
		{369FAA72-3CB2-4CA4-AAE6-57E2118C9E9E}.Release|Any CPU.Build.0 = Release|Any CPU
		{8FEEB018-A959-4131-AC40-9786C1382938}.Debug|Any CPU.ActiveCfg = Debug|Any CPU
		{8FEEB018-A959-4131-AC40-9786C1382938}.Debug|Any CPU.Build.0 = Debug|Any CPU
		{8FEEB018-A959-4131-AC40-9786C1382938}.Release|Any CPU.ActiveCfg = Release|Any CPU
		{8FEEB018-A959-4131-AC40-9786C1382938}.Release|Any CPU.Build.0 = Release|Any CPU
		{56D7EFDB-A5EB-4ACA-9BE3-5E6EDD4FA380}.Debug|Any CPU.ActiveCfg = Debug|Any CPU
		{56D7EFDB-A5EB-4ACA-9BE3-5E6EDD4FA380}.Debug|Any CPU.Build.0 = Debug|Any CPU
		{56D7EFDB-A5EB-4ACA-9BE3-5E6EDD4FA380}.Release|Any CPU.ActiveCfg = Release|Any CPU
		{56D7EFDB-A5EB-4ACA-9BE3-5E6EDD4FA380}.Release|Any CPU.Build.0 = Release|Any CPU
		{CD060BCA-D371-4465-B1EE-5FE1810FDA6C}.Debug|Any CPU.ActiveCfg = Debug|Any CPU
		{CD060BCA-D371-4465-B1EE-5FE1810FDA6C}.Debug|Any CPU.Build.0 = Debug|Any CPU
		{CD060BCA-D371-4465-B1EE-5FE1810FDA6C}.Release|Any CPU.ActiveCfg = Release|Any CPU
		{CD060BCA-D371-4465-B1EE-5FE1810FDA6C}.Release|Any CPU.Build.0 = Release|Any CPU
		{1CF786D5-F4EA-4501-82FF-CD7594EF3B74}.Debug|Any CPU.ActiveCfg = Debug|Any CPU
		{1CF786D5-F4EA-4501-82FF-CD7594EF3B74}.Debug|Any CPU.Build.0 = Debug|Any CPU
		{1CF786D5-F4EA-4501-82FF-CD7594EF3B74}.Release|Any CPU.ActiveCfg = Release|Any CPU
		{1CF786D5-F4EA-4501-82FF-CD7594EF3B74}.Release|Any CPU.Build.0 = Release|Any CPU
		{C638A542-014A-4E1D-85D8-FE7E0991E4D2}.Debug|Any CPU.ActiveCfg = Debug|Any CPU
		{C638A542-014A-4E1D-85D8-FE7E0991E4D2}.Debug|Any CPU.Build.0 = Debug|Any CPU
		{C638A542-014A-4E1D-85D8-FE7E0991E4D2}.Release|Any CPU.ActiveCfg = Release|Any CPU
		{C638A542-014A-4E1D-85D8-FE7E0991E4D2}.Release|Any CPU.Build.0 = Release|Any CPU
		{85056CAF-9B4A-489C-B71F-7B1EEAF4A0D9}.Debug|Any CPU.ActiveCfg = Debug|Any CPU
		{85056CAF-9B4A-489C-B71F-7B1EEAF4A0D9}.Debug|Any CPU.Build.0 = Debug|Any CPU
		{85056CAF-9B4A-489C-B71F-7B1EEAF4A0D9}.Release|Any CPU.ActiveCfg = Release|Any CPU
		{85056CAF-9B4A-489C-B71F-7B1EEAF4A0D9}.Release|Any CPU.Build.0 = Release|Any CPU
		{8A018B61-79D5-47FF-B7C1-0755E1D2B292}.Debug|Any CPU.ActiveCfg = Debug|Any CPU
		{8A018B61-79D5-47FF-B7C1-0755E1D2B292}.Debug|Any CPU.Build.0 = Debug|Any CPU
		{8A018B61-79D5-47FF-B7C1-0755E1D2B292}.Release|Any CPU.ActiveCfg = Release|Any CPU
		{8A018B61-79D5-47FF-B7C1-0755E1D2B292}.Release|Any CPU.Build.0 = Release|Any CPU
		{6E20FFD4-7414-4A0F-BFC1-8B9A0AB51B6D}.Debug|Any CPU.ActiveCfg = Debug|Any CPU
		{6E20FFD4-7414-4A0F-BFC1-8B9A0AB51B6D}.Debug|Any CPU.Build.0 = Debug|Any CPU
		{6E20FFD4-7414-4A0F-BFC1-8B9A0AB51B6D}.Release|Any CPU.ActiveCfg = Release|Any CPU
		{6E20FFD4-7414-4A0F-BFC1-8B9A0AB51B6D}.Release|Any CPU.Build.0 = Release|Any CPU
		{D810758C-7A99-4AD8-9D43-71A3882E37A3}.Debug|Any CPU.ActiveCfg = Debug|Any CPU
		{D810758C-7A99-4AD8-9D43-71A3882E37A3}.Debug|Any CPU.Build.0 = Debug|Any CPU
		{D810758C-7A99-4AD8-9D43-71A3882E37A3}.Release|Any CPU.ActiveCfg = Release|Any CPU
		{D810758C-7A99-4AD8-9D43-71A3882E37A3}.Release|Any CPU.Build.0 = Release|Any CPU
		{ED5C324F-7B59-406D-900E-9A3E61727A8B}.Debug|Any CPU.ActiveCfg = Debug|Any CPU
		{ED5C324F-7B59-406D-900E-9A3E61727A8B}.Debug|Any CPU.Build.0 = Debug|Any CPU
		{ED5C324F-7B59-406D-900E-9A3E61727A8B}.Release|Any CPU.ActiveCfg = Release|Any CPU
		{ED5C324F-7B59-406D-900E-9A3E61727A8B}.Release|Any CPU.Build.0 = Release|Any CPU
		{5AEDAF96-F988-4F30-89CA-C7A5CD105897}.Debug|Any CPU.ActiveCfg = Debug|Any CPU
		{5AEDAF96-F988-4F30-89CA-C7A5CD105897}.Debug|Any CPU.Build.0 = Debug|Any CPU
		{5AEDAF96-F988-4F30-89CA-C7A5CD105897}.Release|Any CPU.ActiveCfg = Release|Any CPU
		{5AEDAF96-F988-4F30-89CA-C7A5CD105897}.Release|Any CPU.Build.0 = Release|Any CPU
		{D45A2183-A371-4C7A-A041-3B528201328F}.Debug|Any CPU.ActiveCfg = Debug|Any CPU
		{D45A2183-A371-4C7A-A041-3B528201328F}.Debug|Any CPU.Build.0 = Debug|Any CPU
		{D45A2183-A371-4C7A-A041-3B528201328F}.Release|Any CPU.ActiveCfg = Release|Any CPU
		{D45A2183-A371-4C7A-A041-3B528201328F}.Release|Any CPU.Build.0 = Release|Any CPU
		{9D9901FB-F177-4269-AFBD-958FF7BBCF18}.Debug|Any CPU.ActiveCfg = Debug|Any CPU
		{9D9901FB-F177-4269-AFBD-958FF7BBCF18}.Debug|Any CPU.Build.0 = Debug|Any CPU
		{9D9901FB-F177-4269-AFBD-958FF7BBCF18}.Release|Any CPU.ActiveCfg = Release|Any CPU
		{9D9901FB-F177-4269-AFBD-958FF7BBCF18}.Release|Any CPU.Build.0 = Release|Any CPU
		{B2F680BA-2C9C-42D8-A088-A3BC30FBC459}.Debug|Any CPU.ActiveCfg = Debug|Any CPU
		{B2F680BA-2C9C-42D8-A088-A3BC30FBC459}.Debug|Any CPU.Build.0 = Debug|Any CPU
		{B2F680BA-2C9C-42D8-A088-A3BC30FBC459}.Release|Any CPU.ActiveCfg = Release|Any CPU
		{B2F680BA-2C9C-42D8-A088-A3BC30FBC459}.Release|Any CPU.Build.0 = Release|Any CPU
		{AE33E34F-7745-47D2-B450-6E96B8B5BC4F}.Debug|Any CPU.ActiveCfg = Debug|Any CPU
		{AE33E34F-7745-47D2-B450-6E96B8B5BC4F}.Debug|Any CPU.Build.0 = Debug|Any CPU
		{AE33E34F-7745-47D2-B450-6E96B8B5BC4F}.Release|Any CPU.ActiveCfg = Release|Any CPU
		{AE33E34F-7745-47D2-B450-6E96B8B5BC4F}.Release|Any CPU.Build.0 = Release|Any CPU
		{336061C7-61D9-40A6-AE41-1B5F7E280825}.Debug|Any CPU.ActiveCfg = Debug|Any CPU
		{336061C7-61D9-40A6-AE41-1B5F7E280825}.Debug|Any CPU.Build.0 = Debug|Any CPU
		{336061C7-61D9-40A6-AE41-1B5F7E280825}.Release|Any CPU.ActiveCfg = Release|Any CPU
		{336061C7-61D9-40A6-AE41-1B5F7E280825}.Release|Any CPU.Build.0 = Release|Any CPU
	EndGlobalSection
	GlobalSection(SolutionProperties) = preSolution
		HideSolutionNode = FALSE
	EndGlobalSection
	GlobalSection(NestedProjects) = preSolution
		{28FF059D-0E63-40CD-BD18-4AAC12EA0B1B} = {937984C0-0FFF-41AD-8895-F83D58373DE0}
		{369FAA72-3CB2-4CA4-AAE6-57E2118C9E9E} = {937984C0-0FFF-41AD-8895-F83D58373DE0}
		{8FEEB018-A959-4131-AC40-9786C1382938} = {937984C0-0FFF-41AD-8895-F83D58373DE0}
		{56D7EFDB-A5EB-4ACA-9BE3-5E6EDD4FA380} = {937984C0-0FFF-41AD-8895-F83D58373DE0}
		{CD060BCA-D371-4465-B1EE-5FE1810FDA6C} = {B2ABA958-9B94-4F4C-9E74-05D261242382}
		{1CF786D5-F4EA-4501-82FF-CD7594EF3B74} = {937984C0-0FFF-41AD-8895-F83D58373DE0}
		{C638A542-014A-4E1D-85D8-FE7E0991E4D2} = {B2ABA958-9B94-4F4C-9E74-05D261242382}
		{85056CAF-9B4A-489C-B71F-7B1EEAF4A0D9} = {937984C0-0FFF-41AD-8895-F83D58373DE0}
		{8A018B61-79D5-47FF-B7C1-0755E1D2B292} = {B2ABA958-9B94-4F4C-9E74-05D261242382}
		{6E20FFD4-7414-4A0F-BFC1-8B9A0AB51B6D} = {937984C0-0FFF-41AD-8895-F83D58373DE0}
		{D810758C-7A99-4AD8-9D43-71A3882E37A3} = {937984C0-0FFF-41AD-8895-F83D58373DE0}
		{ED5C324F-7B59-406D-900E-9A3E61727A8B} = {B2ABA958-9B94-4F4C-9E74-05D261242382}
		{5AEDAF96-F988-4F30-89CA-C7A5CD105897} = {937984C0-0FFF-41AD-8895-F83D58373DE0}
		{D45A2183-A371-4C7A-A041-3B528201328F} = {937984C0-0FFF-41AD-8895-F83D58373DE0}
		{9D9901FB-F177-4269-AFBD-958FF7BBCF18} = {B2ABA958-9B94-4F4C-9E74-05D261242382}
		{B2F680BA-2C9C-42D8-A088-A3BC30FBC459} = {B2ABA958-9B94-4F4C-9E74-05D261242382}
		{AE33E34F-7745-47D2-B450-6E96B8B5BC4F} = {937984C0-0FFF-41AD-8895-F83D58373DE0}
		{336061C7-61D9-40A6-AE41-1B5F7E280825} = {937984C0-0FFF-41AD-8895-F83D58373DE0}
	EndGlobalSection
	GlobalSection(ExtensibilityGlobals) = postSolution
		SolutionGuid = {AE08016F-73DB-480C-A4CF-5A934FD6BE7F}
	EndGlobalSection
EndGlobal
